
Microsoft Visual Studio Solution File, Format Version 12.00
# Visual Studio Version 17
VisualStudioVersion = 17.9.34607.119
MinimumVisualStudioVersion = 10.0.40219.1
Project("{FAE04EC0-301F-11D3-BF4B-00C04F79EFBC}") = "AracTakipSistemi", "AracTakipSistemi.csproj", "{4C113562-8F2D-4B7B-A925-D96793499088}"
EndProject
Global
	GlobalSection(SolutionConfigurationPlatforms) = preSolution
		Debug|Any CPU = Debug|Any CPU
		Release|Any CPU = Release|Any CPU
	EndGlobalSection
	GlobalSection(ProjectConfigurationPlatforms) = postSolution
		{4C113562-8F2D-4B7B-A925-D96793499088}.Debug|Any CPU.ActiveCfg = Debug|Any CPU
		{4C113562-8F2D-4B7B-A925-D96793499088}.Debug|Any CPU.Build.0 = Debug|Any CPU
		{4C113562-8F2D-4B7B-A925-D96793499088}.Release|Any CPU.ActiveCfg = Release|Any CPU
		{4C113562-8F2D-4B7B-A925-D96793499088}.Release|Any CPU.Build.0 = Release|Any CPU
	EndGlobalSection
	GlobalSection(SolutionProperties) = preSolution
		HideSolutionNode = FALSE
	EndGlobalSection
	GlobalSection(ExtensibilityGlobals) = postSolution
		SolutionGuid = {21CAF75F-D358-416F-8131-027230D57D23}
	EndGlobalSection
EndGlobal
